// !$*UTF8*$!
{
	archiveVersion = 1;
	classes = {
	};
	objectVersion = 50;
	objects = {

/* Begin PBXBuildFile section */
		D3414F5724A0FDCC0092390E /* AppDelegate.swift in Sources */ = {isa = PBXBuildFile; fileRef = D3414F5624A0FDCC0092390E /* AppDelegate.swift */; };
		D3414F5924A0FDCC0092390E /* SceneDelegate.swift in Sources */ = {isa = PBXBuildFile; fileRef = D3414F5824A0FDCC0092390E /* SceneDelegate.swift */; };
		D3414F5B24A0FDCC0092390E /* ViewController.swift in Sources */ = {isa = PBXBuildFile; fileRef = D3414F5A24A0FDCC0092390E /* ViewController.swift */; };
		D3414F5E24A0FDCC0092390E /* Main.storyboard in Resources */ = {isa = PBXBuildFile; fileRef = D3414F5C24A0FDCC0092390E /* Main.storyboard */; };
		D3414F6024A0FDD30092390E /* Assets.xcassets in Resources */ = {isa = PBXBuildFile; fileRef = D3414F5F24A0FDD30092390E /* Assets.xcassets */; };
		D3414F6324A0FDD30092390E /* LaunchScreen.storyboard in Resources */ = {isa = PBXBuildFile; fileRef = D3414F6124A0FDD30092390E /* LaunchScreen.storyboard */; };
/* End PBXBuildFile section */

/* Begin PBXFileReference section */
		D3414F5324A0FDCC0092390E /* YaonologyApp.app */ = {isa = PBXFileReference; explicitFileType = wrapper.application; includeInIndex = 0; path = YaonologyApp.app; sourceTree = BUILT_PRODUCTS_DIR; };
		D3414F5624A0FDCC0092390E /* AppDelegate.swift */ = {isa = PBXFileReference; lastKnownFileType = sourcecode.swift; path = AppDelegate.swift; sourceTree = "<group>"; };
		D3414F5824A0FDCC0092390E /* SceneDelegate.swift */ = {isa = PBXFileReference; lastKnownFileType = sourcecode.swift; path = SceneDelegate.swift; sourceTree = "<group>"; };
		D3414F5A24A0FDCC0092390E /* ViewController.swift */ = {isa = PBXFileReference; lastKnownFileType = sourcecode.swift; path = ViewController.swift; sourceTree = "<group>"; };
		D3414F5D24A0FDCC0092390E /* Base */ = {isa = PBXFileReference; lastKnownFileType = file.storyboard; name = Base; path = Base.lproj/Main.storyboard; sourceTree = "<group>"; };
		D3414F5F24A0FDD30092390E /* Assets.xcassets */ = {isa = PBXFileReference; lastKnownFileType = folder.assetcatalog; path = Assets.xcassets; sourceTree = "<group>"; };
		D3414F6224A0FDD30092390E /* Base */ = {isa = PBXFileReference; lastKnownFileType = file.storyboard; name = Base; path = Base.lproj/LaunchScreen.storyboard; sourceTree = "<group>"; };
		D3414F6424A0FDD30092390E /* Info.plist */ = {isa = PBXFileReference; lastKnownFileType = text.plist.xml; path = Info.plist; sourceTree = "<group>"; };
/* End PBXFileReference section */

/* Begin PBXFrameworksBuildPhase section */
		D3414F5024A0FDCC0092390E /* Frameworks */ = {
			isa = PBXFrameworksBuildPhase;
			buildActionMask = 2147483647;
			files = (
			);
			runOnlyForDeploymentPostprocessing = 0;
		};
/* End PBXFrameworksBuildPhase section */

/* Begin PBXGroup section */
		D3414F4A24A0FDCC0092390E = {
			isa = PBXGroup;
			children = (
				D3414F5524A0FDCC0092390E /* YaonologyApp */,
				D3414F5424A0FDCC0092390E /* Products */,
			);
			sourceTree = "<group>";
		};
		D3414F5424A0FDCC0092390E /* Products */ = {
			isa = PBXGroup;
			children = (
				D3414F5324A0FDCC0092390E /* YaonologyApp.app */,
			);
			name = Products;
			sourceTree = "<group>";
		};
		D3414F5524A0FDCC0092390E /* YaonologyApp */ = {
			isa = PBXGroup;
			children = (
				D3414F5624A0FDCC0092390E /* AppDelegate.swift */,
				D3414F5824A0FDCC0092390E /* SceneDelegate.swift */,
				D3414F5A24A0FDCC0092390E /* ViewController.swift */,
				D3414F5C24A0FDCC0092390E /* Main.storyboard */,
				D3414F5F24A0FDD30092390E /* Assets.xcassets */,
				D3414F6124A0FDD30092390E /* LaunchScreen.storyboard */,
				D3414F6424A0FDD30092390E /* Info.plist */,
			);
			path = YaonologyApp;
			sourceTree = "<group>";
		};
/* End PBXGroup section */

/* Begin PBXNativeTarget section */
		D3414F5224A0FDCC0092390E /* YaonologyApp */ = {
			isa = PBXNativeTarget;
			buildConfigurationList = D3414F6724A0FDD30092390E /* Build configuration list for PBXNativeTarget "YaonologyApp" */;
			buildPhases = (
				D3414F4F24A0FDCC0092390E /* Sources */,
				D3414F5024A0FDCC0092390E /* Frameworks */,
				D3414F5124A0FDCC0092390E /* Resources */,
			);
			buildRules = (
			);
			dependencies = (
			);
			name = YaonologyApp;
			productName = YaonologyApp;
			productReference = D3414F5324A0FDCC0092390E /* YaonologyApp.app */;
			productType = "com.apple.product-type.application";
		};
/* End PBXNativeTarget section */

/* Begin PBXProject section */
		D3414F4B24A0FDCC0092390E /* Project object */ = {
			isa = PBXProject;
			attributes = {
				LastSwiftUpdateCheck = 1140;
				LastUpgradeCheck = 1140;
				ORGANIZATIONNAME = "Rui Wang";
				TargetAttributes = {
					D3414F5224A0FDCC0092390E = {
						CreatedOnToolsVersion = 11.4.1;
					};
				};
			};
			buildConfigurationList = D3414F4E24A0FDCC0092390E /* Build configuration list for PBXProject "YaonologyApp" */;
			compatibilityVersion = "Xcode 9.3";
			developmentRegion = en;
			hasScannedForEncodings = 0;
			knownRegions = (
				en,
				Base,
			);
			mainGroup = D3414F4A24A0FDCC0092390E;
			productRefGroup = D3414F5424A0FDCC0092390E /* Products */;
			projectDirPath = "";
			projectRoot = "";
			targets = (
				D3414F5224A0FDCC0092390E /* YaonologyApp */,
			);
		};
/* End PBXProject section */

/* Begin PBXResourcesBuildPhase section */
		D3414F5124A0FDCC0092390E /* Resources */ = {
			isa = PBXResourcesBuildPhase;
			buildActionMask = 2147483647;
			files = (
				D3414F6324A0FDD30092390E /* LaunchScreen.storyboard in Resources */,
				D3414F6024A0FDD30092390E /* Assets.xcassets in Resources */,
				D3414F5E24A0FDCC0092390E /* Main.storyboard in Resources */,
			);
			runOnlyForDeploymentPostprocessing = 0;
		};
/* End PBXResourcesBuildPhase section */

/* Begin PBXSourcesBuildPhase section */
		D3414F4F24A0FDCC0092390E /* Sources */ = {
			isa = PBXSourcesBuildPhase;
			buildActionMask = 2147483647;
			files = (
				D3414F5B24A0FDCC0092390E /* ViewController.swift in Sources */,
				D3414F5724A0FDCC0092390E /* AppDelegate.swift in Sources */,
				D3414F5924A0FDCC0092390E /* SceneDelegate.swift in Sources */,
			);
			runOnlyForDeploymentPostprocessing = 0;
		};
/* End PBXSourcesBuildPhase section */

/* Begin PBXVariantGroup section */
		D3414F5C24A0FDCC0092390E /* Main.storyboard */ = {
			isa = PBXVariantGroup;
			children = (
				D3414F5D24A0FDCC0092390E /* Base */,
			);
			name = Main.storyboard;
			sourceTree = "<group>";
		};
		D3414F6124A0FDD30092390E /* LaunchScreen.storyboard */ = {
			isa = PBXVariantGroup;
			children = (
				D3414F6224A0FDD30092390E /* Base */,
			);
			name = LaunchScreen.storyboard;
			sourceTree = "<group>";
		};
/* End PBXVariantGroup section */

/* Begin XCBuildConfiguration section */
		D3414F6524A0FDD30092390E /* Debug */ = {
			isa = XCBuildConfiguration;
			buildSettings = {
				ALWAYS_SEARCH_USER_PATHS = NO;
				CLANG_ANALYZER_NONNULL = YES;
				CLANG_ANALYZER_NUMBER_OBJECT_CONVERSION = YES_AGGRESSIVE;
				CLANG_CXX_LANGUAGE_STANDARD = "gnu++14";
				CLANG_CXX_LIBRARY = "libc++";
				CLANG_ENABLE_MODULES = YES;
				CLANG_ENABLE_OBJC_ARC = YES;
				CLANG_ENABLE_OBJC_WEAK = YES;
				CLANG_WARN_BLOCK_CAPTURE_AUTORELEASING = YES;
				CLANG_WARN_BOOL_CONVERSION = YES;
				CLANG_WARN_COMMA = YES;
				CLANG_WARN_CONSTANT_CONVERSION = YES;
				CLANG_WARN_DEPRECATED_OBJC_IMPLEMENTATIONS = YES;
				CLANG_WARN_DIRECT_OBJC_ISA_USAGE = YES_ERROR;
				CLANG_WARN_DOCUMENTATION_COMMENTS = YES;
				CLANG_WARN_EMPTY_BODY = YES;
				CLANG_WARN_ENUM_CONVERSION = YES;
				CLANG_WARN_INFINITE_RECURSION = YES;
				CLANG_WARN_INT_CONVERSION = YES;
				CLANG_WARN_NON_LITERAL_NULL_CONVERSION = YES;
				CLANG_WARN_OBJC_IMPLICIT_RETAIN_SELF = YES;
				CLANG_WARN_OBJC_LITERAL_CONVERSION = YES;
				CLANG_WARN_OBJC_ROOT_CLASS = YES_ERROR;
				CLANG_WARN_RANGE_LOOP_ANALYSIS = YES;
				CLANG_WARN_STRICT_PROTOTYPES = YES;
				CLANG_WARN_SUSPICIOUS_MOVE = YES;
				CLANG_WARN_UNGUARDED_AVAILABILITY = YES_AGGRESSIVE;
				CLANG_WARN_UNREACHABLE_CODE = YES;
				CLANG_WARN__DUPLICATE_METHOD_MATCH = YES;
				COPY_PHASE_STRIP = NO;
				DEBUG_INFORMATION_FORMAT = dwarf;
				ENABLE_STRICT_OBJC_MSGSEND = YES;
				ENABLE_TESTABILITY = YES;
				GCC_C_LANGUAGE_STANDARD = gnu11;
				GCC_DYNAMIC_NO_PIC = NO;
				GCC_NO_COMMON_BLOCKS = YES;
				GCC_OPTIMIZATION_LEVEL = 0;
				GCC_PREPROCESSOR_DEFINITIONS = (
					"DEBUG=1",
					"$(inherited)",
				);
				GCC_WARN_64_TO_32_BIT_CONVERSION = YES;
				GCC_WARN_ABOUT_RETURN_TYPE = YES_ERROR;
				GCC_WARN_UNDECLARED_SELECTOR = YES;
				GCC_WARN_UNINITIALIZED_AUTOS = YES_AGGRESSIVE;
				GCC_WARN_UNUSED_FUNCTION = YES;
				GCC_WARN_UNUSED_VARIABLE = YES;
				IPHONEOS_DEPLOYMENT_TARGET = 13.4;
				MTL_ENABLE_DEBUG_INFO = INCLUDE_SOURCE;
				MTL_FAST_MATH = YES;
				ONLY_ACTIVE_ARCH = YES;
				SDKROOT = iphoneos;
				SWIFT_ACTIVE_COMPILATION_CONDITIONS = DEBUG;
				SWIFT_OPTIMIZATION_LEVEL = "-Onone";
			};
			name = Debug;
		};
		D3414F6624A0FDD30092390E /* Release */ = {
			isa = XCBuildConfiguration;
			buildSettings = {
				ALWAYS_SEARCH_USER_PATHS = NO;
				CLANG_ANALYZER_NONNULL = YES;
				CLANG_ANALYZER_NUMBER_OBJECT_CONVERSION = YES_AGGRESSIVE;
				CLANG_CXX_LANGUAGE_STANDARD = "gnu++14";
				CLANG_CXX_LIBRARY = "libc++";
				CLANG_ENABLE_MODULES = YES;
				CLANG_ENABLE_OBJC_ARC = YES;
				CLANG_ENABLE_OBJC_WEAK = YES;
				CLANG_WARN_BLOCK_CAPTURE_AUTORELEASING = YES;
				CLANG_WARN_BOOL_CONVERSION = YES;
				CLANG_WARN_COMMA = YES;
				CLANG_WARN_CONSTANT_CONVERSION = YES;
				CLANG_WARN_DEPRECATED_OBJC_IMPLEMENTATIONS = YES;
				CLANG_WARN_DIRECT_OBJC_ISA_USAGE = YES_ERROR;
				CLANG_WARN_DOCUMENTATION_COMMENTS = YES;
				CLANG_WARN_EMPTY_BODY = YES;
				CLANG_WARN_ENUM_CONVERSION = YES;
				CLANG_WARN_INFINITE_RECURSION = YES;
				CLANG_WARN_INT_CONVERSION = YES;
				CLANG_WARN_NON_LITERAL_NULL_CONVERSION = YES;
				CLANG_WARN_OBJC_IMPLICIT_RETAIN_SELF = YES;
				CLANG_WARN_OBJC_LITERAL_CONVERSION = YES;
				CLANG_WARN_OBJC_ROOT_CLASS = YES_ERROR;
				CLANG_WARN_RANGE_LOOP_ANALYSIS = YES;
				CLANG_WARN_STRICT_PROTOTYPES = YES;
				CLANG_WARN_SUSPICIOUS_MOVE = YES;
				CLANG_WARN_UNGUARDED_AVAILABILITY = YES_AGGRESSIVE;
				CLANG_WARN_UNREACHABLE_CODE = YES;
				CLANG_WARN__DUPLICATE_METHOD_MATCH = YES;
				COPY_PHASE_STRIP = NO;
				DEBUG_INFORMATION_FORMAT = "dwarf-with-dsym";
				ENABLE_NS_ASSERTIONS = NO;
				ENABLE_STRICT_OBJC_MSGSEND = YES;
				GCC_C_LANGUAGE_STANDARD = gnu11;
				GCC_NO_COMMON_BLOCKS = YES;
				GCC_WARN_64_TO_32_BIT_CONVERSION = YES;
				GCC_WARN_ABOUT_RETURN_TYPE = YES_ERROR;
				GCC_WARN_UNDECLARED_SELECTOR = YES;
				GCC_WARN_UNINITIALIZED_AUTOS = YES_AGGRESSIVE;
				GCC_WARN_UNUSED_FUNCTION = YES;
				GCC_WARN_UNUSED_VARIABLE = YES;
				IPHONEOS_DEPLOYMENT_TARGET = 13.4;
				MTL_ENABLE_DEBUG_INFO = NO;
				MTL_FAST_MATH = YES;
				SDKROOT = iphoneos;
				SWIFT_COMPILATION_MODE = wholemodule;
				SWIFT_OPTIMIZATION_LEVEL = "-O";
				VALIDATE_PRODUCT = YES;
			};
			name = Release;
		};
		D3414F6824A0FDD30092390E /* Debug */ = {
			isa = XCBuildConfiguration;
			buildSettings = {
				ASSETCATALOG_COMPILER_APPICON_NAME = AppIcon;
				CODE_SIGN_STYLE = Automatic;
				DEVELOPMENT_TEAM = S8867SUTR7;
				INFOPLIST_FILE = YaonologyApp/Info.plist;
				LD_RUNPATH_SEARCH_PATHS = (
					"$(inherited)",
					"@executable_path/Frameworks",
				);
				PRODUCT_BUNDLE_IDENTIFIER = com.RW.YaonologyApp;
				PRODUCT_NAME = "$(TARGET_NAME)";
				SWIFT_VERSION = 5.0;
				TARGETED_DEVICE_FAMILY = "1,2";
			};
			name = Debug;
		};
		D3414F6924A0FDD30092390E /* Release */ = {
			isa = XCBuildConfiguration;
			buildSettings = {
				ASSETCATALOG_COMPILER_APPICON_NAME = AppIcon;
				CODE_SIGN_STYLE = Automatic;
				DEVELOPMENT_TEAM = S8867SUTR7;
				INFOPLIST_FILE = YaonologyApp/Info.plist;
				LD_RUNPATH_SEARCH_PATHS = (
					"$(inherited)",
					"@executable_path/Frameworks",
				);
				PRODUCT_BUNDLE_IDENTIFIER = com.RW.YaonologyApp;
				PRODUCT_NAME = "$(TARGET_NAME)";
				SWIFT_VERSION = 5.0;
				TARGETED_DEVICE_FAMILY = "1,2";
			};
			name = Release;
		};
/* End XCBuildConfiguration section */

/* Begin XCConfigurationList section */
		D3414F4E24A0FDCC0092390E /* Build configuration list for PBXProject "YaonologyApp" */ = {
			isa = XCConfigurationList;
			buildConfigurations = (
				D3414F6524A0FDD30092390E /* Debug */,
				D3414F6624A0FDD30092390E /* Release */,
			);
			defaultConfigurationIsVisible = 0;
			defaultConfigurationName = Release;
		};
		D3414F6724A0FDD30092390E /* Build configuration list for PBXNativeTarget "YaonologyApp" */ = {
			isa = XCConfigurationList;
			buildConfigurations = (
				D3414F6824A0FDD30092390E /* Debug */,
				D3414F6924A0FDD30092390E /* Release */,
			);
			defaultConfigurationIsVisible = 0;
			defaultConfigurationName = Release;
		};
/* End XCConfigurationList section */
	};
	rootObject = D3414F4B24A0FDCC0092390E /* Project object */;
}
